{
  "name": "@isnifer/npm-time",
  "version": "1.0.0",
  "lockfileVersion": 1,
  "requires": true,
  "dependencies": {
    "date-fns": {
      "version": "1.28.5",
      "resolved": "https://registry.npmjs.org/date-fns/-/date-fns-1.28.5.tgz",
      "integrity": "sha1-JXz8RdMi30XvVlhmWWfuhBzXP68="
    },
    "lodash.findlastindex": {
      "version": "4.6.0",
      "resolved": "https://registry.npmjs.org/lodash.findlastindex/-/lodash.findlastindex-4.6.0.tgz",
      "integrity": "sha1-uDdawPAum5Jjdc343D6oFKv5xqw="
    },
    "lodash.mapvalues": {
      "version": "4.6.0",
      "resolved": "https://registry.npmjs.org/lodash.mapvalues/-/lodash.mapvalues-4.6.0.tgz",
      "integrity": "sha1-G6+lAF3p3W9PJmaMMMo3IwzJaJw="
    }
  }
}
